
Microsoft Visual Studio Solution File, Format Version 12.00
# Visual Studio Version 16
VisualStudioVersion = 16.0.29102.190
MinimumVisualStudioVersion = 10.0.40219.1
Project("{00D1A9C2-B5F0-4AF3-8072-F6C62B433612}") = "Prueba.SQL", "Prueba.SQL\Prueba.SQL.sqlproj", "{FD866C6D-5134-40AA-A924-B9904CE2B1EF}"
EndProject
Project("{FAE04EC0-301F-11D3-BF4B-00C04F79EFBC}") = "Prueba.API", "Prueba.API\Prueba.API.csproj", "{C3157240-19D6-4867-8454-1CF36D8A56F1}"
EndProject
Project("{FAE04EC0-301F-11D3-BF4B-00C04F79EFBC}") = "Prueba.WEB", "Prueba.WEB\Prueba.WEB.csproj", "{FE49F838-E7A5-4DEA-86F0-D1DDC9B3FAB4}"
EndProject
Global
	GlobalSection(SolutionConfigurationPlatforms) = preSolution
		Debug|Any CPU = Debug|Any CPU
		Release|Any CPU = Release|Any CPU
	EndGlobalSection
	GlobalSection(ProjectConfigurationPlatforms) = postSolution
		{FD866C6D-5134-40AA-A924-B9904CE2B1EF}.Debug|Any CPU.ActiveCfg = Debug|Any CPU
		{FD866C6D-5134-40AA-A924-B9904CE2B1EF}.Debug|Any CPU.Build.0 = Debug|Any CPU
		{FD866C6D-5134-40AA-A924-B9904CE2B1EF}.Debug|Any CPU.Deploy.0 = Debug|Any CPU
		{FD866C6D-5134-40AA-A924-B9904CE2B1EF}.Release|Any CPU.ActiveCfg = Release|Any CPU
		{FD866C6D-5134-40AA-A924-B9904CE2B1EF}.Release|Any CPU.Build.0 = Release|Any CPU
		{FD866C6D-5134-40AA-A924-B9904CE2B1EF}.Release|Any CPU.Deploy.0 = Release|Any CPU
		{C3157240-19D6-4867-8454-1CF36D8A56F1}.Debug|Any CPU.ActiveCfg = Debug|Any CPU
		{C3157240-19D6-4867-8454-1CF36D8A56F1}.Debug|Any CPU.Build.0 = Debug|Any CPU
		{C3157240-19D6-4867-8454-1CF36D8A56F1}.Release|Any CPU.ActiveCfg = Release|Any CPU
		{C3157240-19D6-4867-8454-1CF36D8A56F1}.Release|Any CPU.Build.0 = Release|Any CPU
		{FE49F838-E7A5-4DEA-86F0-D1DDC9B3FAB4}.Debug|Any CPU.ActiveCfg = Debug|Any CPU
		{FE49F838-E7A5-4DEA-86F0-D1DDC9B3FAB4}.Debug|Any CPU.Build.0 = Debug|Any CPU
		{FE49F838-E7A5-4DEA-86F0-D1DDC9B3FAB4}.Release|Any CPU.ActiveCfg = Release|Any CPU
		{FE49F838-E7A5-4DEA-86F0-D1DDC9B3FAB4}.Release|Any CPU.Build.0 = Release|Any CPU
	EndGlobalSection
	GlobalSection(SolutionProperties) = preSolution
		HideSolutionNode = FALSE
	EndGlobalSection
	GlobalSection(ExtensibilityGlobals) = postSolution
		SolutionGuid = {6F40D85E-FBCC-4232-A6FE-7199CD02E701}
	EndGlobalSection
EndGlobal
